
Microsoft Visual Studio Solution File, Format Version 12.00
# Visual Studio 15
VisualStudioVersion = 15.0.26228.4
MinimumVisualStudioVersion = 10.0.40219.1
Project("{FAE04EC0-301F-11D3-BF4B-00C04F79EFBC}") = "test", "test\test.csproj", "{18005122-DD6F-4532-882B-0AB35594ECD1}"
EndProject
Project("{FAE04EC0-301F-11D3-BF4B-00C04F79EFBC}") = "rcw.ui", "rcw.ui\rcw.ui\rcw.ui.csproj", "{3BFD1A31-DA2F-4C73-9343-388DCA4FFC93}"
EndProject
Global
	GlobalSection(SolutionConfigurationPlatforms) = preSolution
		Debug|Any CPU = Debug|Any CPU
		Release|Any CPU = Release|Any CPU
	EndGlobalSection
	GlobalSection(ProjectConfigurationPlatforms) = postSolution
		{18005122-DD6F-4532-882B-0AB35594ECD1}.Debug|Any CPU.ActiveCfg = Debug|Any CPU
		{18005122-DD6F-4532-882B-0AB35594ECD1}.Debug|Any CPU.Build.0 = Debug|Any CPU
		{18005122-DD6F-4532-882B-0AB35594ECD1}.Release|Any CPU.ActiveCfg = Release|Any CPU
		{18005122-DD6F-4532-882B-0AB35594ECD1}.Release|Any CPU.Build.0 = Release|Any CPU
		{3BFD1A31-DA2F-4C73-9343-388DCA4FFC93}.Debug|Any CPU.ActiveCfg = Debug|Any CPU
		{3BFD1A31-DA2F-4C73-9343-388DCA4FFC93}.Debug|Any CPU.Build.0 = Debug|Any CPU
		{3BFD1A31-DA2F-4C73-9343-388DCA4FFC93}.Release|Any CPU.ActiveCfg = Release|Any CPU
		{3BFD1A31-DA2F-4C73-9343-388DCA4FFC93}.Release|Any CPU.Build.0 = Release|Any CPU
	EndGlobalSection
	GlobalSection(SolutionProperties) = preSolution
		HideSolutionNode = FALSE
	EndGlobalSection
	GlobalSection(ExtensibilityGlobals) = postSolution
		SolutionGuid = {CB9E8236-7A65-46E6-A984-85DBBF157EA2}
	EndGlobalSection
EndGlobal
